# This file is generated by running "yarn install" inside your project.
# Manual changes might be lost - proceed with caution!

__metadata:
  version: 8
  cacheKey: 10c0

"@discoveryjs/json-ext@npm:^0.5.0":
  version: 0.5.7
  resolution: "@discoveryjs/json-ext@npm:0.5.7"
  checksum: e10f1b02b78e4812646ddf289b7d9f2cb567d336c363b266bd50cd223cf3de7c2c74018d91cd2613041568397ef3a4a2b500aba588c6e5bd78c38374ba68f38c
  languageName: node
  linkType: hard

"@jridgewell/gen-mapping@npm:^0.3.0":
  version: 0.3.3
  resolution: "@jridgewell/gen-mapping@npm:0.3.3"
  dependencies:
    "@jridgewell/set-array": "npm:^1.0.1"
    "@jridgewell/sourcemap-codec": "npm:^1.4.10"
    "@jridgewell/trace-mapping": "npm:^0.3.9"
  checksum: 376fc11cf5a967318ba3ddd9d8e91be528eab6af66810a713c49b0c3f8dc67e9949452c51c38ab1b19aa618fb5e8594da5a249977e26b1e7fea1ee5a1fcacc74
  languageName: node
  linkType: hard

"@jridgewell/resolve-uri@npm:^3.1.0":
  version: 3.1.1
  resolution: "@jridgewell/resolve-uri@npm:3.1.1"
  checksum: 0dbc9e29bc640bbbdc5b9876d2859c69042bfcf1423c1e6421bcca53e826660bff4e41c7d4bcb8dbea696404231a6f902f76ba41835d049e20f2dd6cffb713bf
  languageName: node
  linkType: hard

"@jridgewell/set-array@npm:^1.0.1":
  version: 1.1.2
  resolution: "@jridgewell/set-array@npm:1.1.2"
  checksum: bc7ab4c4c00470de4e7562ecac3c0c84f53e7ee8a711e546d67c47da7febe7c45cd67d4d84ee3c9b2c05ae8e872656cdded8a707a283d30bd54fbc65aef821ab
  languageName: node
  linkType: hard

"@jridgewell/source-map@npm:^0.3.3":
  version: 0.3.5
  resolution: "@jridgewell/source-map@npm:0.3.5"
  dependencies:
    "@jridgewell/gen-mapping": "npm:^0.3.0"
    "@jridgewell/trace-mapping": "npm:^0.3.9"
  checksum: b985d9ebd833a21a6e9ace820c8a76f60345a34d9e28d98497c16b6e93ce1f131bff0abd45f8585f14aa382cce678ed680d628c631b40a9616a19cfbc2049b68
  languageName: node
  linkType: hard

"@jridgewell/sourcemap-codec@npm:^1.4.10, @jridgewell/sourcemap-codec@npm:^1.4.14":
  version: 1.4.15
  resolution: "@jridgewell/sourcemap-codec@npm:1.4.15"
  checksum: 0c6b5ae663087558039052a626d2d7ed5208da36cfd707dcc5cea4a07cfc918248403dcb5989a8f7afaf245ce0573b7cc6fd94c4a30453bd10e44d9363940ba5
  languageName: node
  linkType: hard

"@jridgewell/trace-mapping@npm:^0.3.17, @jridgewell/trace-mapping@npm:^0.3.9":
  version: 0.3.20
  resolution: "@jridgewell/trace-mapping@npm:0.3.20"
  dependencies:
    "@jridgewell/resolve-uri": "npm:^3.1.0"
    "@jridgewell/sourcemap-codec": "npm:^1.4.14"
  checksum: 0ea0b2675cf513ec44dc25605616a3c9b808b9832e74b5b63c44260d66b58558bba65764f81928fc1033ead911f8718dca1134049c3e7a93937faf436671df31
  languageName: node
  linkType: hard

"@types/eslint-scope@npm:^3.7.3":
  version: 3.7.7
  resolution: "@types/eslint-scope@npm:3.7.7"
  dependencies:
    "@types/eslint": "npm:*"
    "@types/estree": "npm:*"
  checksum: a0ecbdf2f03912679440550817ff77ef39a30fa8bfdacaf6372b88b1f931828aec392f52283240f0d648cf3055c5ddc564544a626bcf245f3d09fcb099ebe3cc
  languageName: node
  linkType: hard

"@types/eslint@npm:*":
  version: 8.56.0
  resolution: "@types/eslint@npm:8.56.0"
  dependencies:
    "@types/estree": "npm:*"
    "@types/json-schema": "npm:*"
  checksum: afba97b10d02cb7c7e7658de38f626c65b81be0fe45bc479e058ab14bc089911193811dce681edd656fc6b59c91fd8d0c976972476fc98b5e782b2c3b08aaa6c
  languageName: node
  linkType: hard

"@types/estree@npm:*, @types/estree@npm:^1.0.0":
  version: 1.0.5
  resolution: "@types/estree@npm:1.0.5"
  checksum: b3b0e334288ddb407c7b3357ca67dbee75ee22db242ca7c56fe27db4e1a31989cb8af48a84dd401deb787fe10cc6b2ab1ee82dc4783be87ededbe3d53c79c70d
  languageName: node
  linkType: hard

"@types/json-schema@npm:*, @types/json-schema@npm:^7.0.8":
  version: 7.0.15
  resolution: "@types/json-schema@npm:7.0.15"
  checksum: a996a745e6c5d60292f36731dd41341339d4eeed8180bb09226e5c8d23759067692b1d88e5d91d72ee83dfc00d3aca8e7bd43ea120516c17922cbcb7c3e252db
  languageName: node
  linkType: hard

"@types/node@npm:*":
  version: 20.10.5
  resolution: "@types/node@npm:20.10.5"
  dependencies:
    undici-types: "npm:~5.26.4"
  checksum: be30609aae0bfe492097815f166ccc07f465220cb604647fa4e5ec05a1d16c012a41b82b5f11ecfe2485cbb479d4d20384b95b809ca0bcff6d94d5bbafa645bb
  languageName: node
  linkType: hard

"@webassemblyjs/ast@npm:1.11.6, @webassemblyjs/ast@npm:^1.11.5":
  version: 1.11.6
  resolution: "@webassemblyjs/ast@npm:1.11.6"
  dependencies:
    "@webassemblyjs/helper-numbers": "npm:1.11.6"
    "@webassemblyjs/helper-wasm-bytecode": "npm:1.11.6"
  checksum: e28476a183c8a1787adcf0e5df1d36ec4589467ab712c674fe4f6769c7fb19d1217bfb5856b3edd0f3e0a148ebae9e4bbb84110cee96664966dfef204d9c31fb
  languageName: node
  linkType: hard

"@webassemblyjs/floating-point-hex-parser@npm:1.11.6":
  version: 1.11.6
  resolution: "@webassemblyjs/floating-point-hex-parser@npm:1.11.6"
  checksum: 37fe26f89e18e4ca0e7d89cfe3b9f17cfa327d7daf906ae01400416dbb2e33c8a125b4dc55ad7ff405e5fcfb6cf0d764074c9bc532b9a31a71e762be57d2ea0a
  languageName: node
  linkType: hard

"@webassemblyjs/helper-api-error@npm:1.11.6":
  version: 1.11.6
  resolution: "@webassemblyjs/helper-api-error@npm:1.11.6"
  checksum: a681ed51863e4ff18cf38d223429f414894e5f7496856854d9a886eeddcee32d7c9f66290f2919c9bb6d2fc2b2fae3f989b6a1e02a81e829359738ea0c4d371a
  languageName: node
  linkType: hard

"@webassemblyjs/helper-buffer@npm:1.11.6":
  version: 1.11.6
  resolution: "@webassemblyjs/helper-buffer@npm:1.11.6"
  checksum: 55b5d67db95369cdb2a505ae7ebdf47194d49dfc1aecb0f5403277dcc899c7d3e1f07e8d279646adf8eafd89959272db62ca66fbe803321661ab184176ddfd3a
  languageName: node
  linkType: hard

"@webassemblyjs/helper-numbers@npm:1.11.6":
  version: 1.11.6
  resolution: "@webassemblyjs/helper-numbers@npm:1.11.6"
  dependencies:
    "@webassemblyjs/floating-point-hex-parser": "npm:1.11.6"
    "@webassemblyjs/helper-api-error": "npm:1.11.6"
    "@xtuc/long": "npm:4.2.2"
  checksum: c7d5afc0ff3bd748339b466d8d2f27b908208bf3ff26b2e8e72c39814479d486e0dca6f3d4d776fd9027c1efe05b5c0716c57a23041eb34473892b2731c33af3
  languageName: node
  linkType: hard

"@webassemblyjs/helper-wasm-bytecode@npm:1.11.6":
  version: 1.11.6
  resolution: "@webassemblyjs/helper-wasm-bytecode@npm:1.11.6"
  checksum: 79d2bebdd11383d142745efa32781249745213af8e022651847382685ca76709f83e1d97adc5f0d3c2b8546bf02864f8b43a531fdf5ca0748cb9e4e0ef2acaa5
  languageName: node
  linkType: hard

"@webassemblyjs/helper-wasm-section@npm:1.11.6":
  version: 1.11.6
  resolution: "@webassemblyjs/helper-wasm-section@npm:1.11.6"
  dependencies:
    "@webassemblyjs/ast": "npm:1.11.6"
    "@webassemblyjs/helper-buffer": "npm:1.11.6"
    "@webassemblyjs/helper-wasm-bytecode": "npm:1.11.6"
    "@webassemblyjs/wasm-gen": "npm:1.11.6"
  checksum: b79b19a63181f32e5ee0e786fa8264535ea5360276033911fae597d2de15e1776f028091d08c5a813a3901fd2228e74cd8c7e958fded064df734f00546bef8ce
  languageName: node
  linkType: hard

"@webassemblyjs/ieee754@npm:1.11.6":
  version: 1.11.6
  resolution: "@webassemblyjs/ieee754@npm:1.11.6"
  dependencies:
    "@xtuc/ieee754": "npm:^1.2.0"
  checksum: 59de0365da450322c958deadade5ec2d300c70f75e17ae55de3c9ce564deff5b429e757d107c7ec69bd0ba169c6b6cc2ff66293ab7264a7053c829b50ffa732f
  languageName: node
  linkType: hard

"@webassemblyjs/leb128@npm:1.11.6":
  version: 1.11.6
  resolution: "@webassemblyjs/leb128@npm:1.11.6"
  dependencies:
    "@xtuc/long": "npm:4.2.2"
  checksum: cb344fc04f1968209804de4da018679c5d4708a03b472a33e0fa75657bb024978f570d3ccf9263b7f341f77ecaa75d0e051b9cd4b7bb17a339032cfd1c37f96e
  languageName: node
  linkType: hard

"@webassemblyjs/utf8@npm:1.11.6":
  version: 1.11.6
  resolution: "@webassemblyjs/utf8@npm:1.11.6"
  checksum: 14d6c24751a89ad9d801180b0d770f30a853c39f035a15fbc96266d6ac46355227abd27a3fd2eeaa97b4294ced2440a6b012750ae17bafe1a7633029a87b6bee
  languageName: node
  linkType: hard

"@webassemblyjs/wasm-edit@npm:^1.11.5":
  version: 1.11.6
  resolution: "@webassemblyjs/wasm-edit@npm:1.11.6"
  dependencies:
    "@webassemblyjs/ast": "npm:1.11.6"
    "@webassemblyjs/helper-buffer": "npm:1.11.6"
    "@webassemblyjs/helper-wasm-bytecode": "npm:1.11.6"
    "@webassemblyjs/helper-wasm-section": "npm:1.11.6"
    "@webassemblyjs/wasm-gen": "npm:1.11.6"
    "@webassemblyjs/wasm-opt": "npm:1.11.6"
    "@webassemblyjs/wasm-parser": "npm:1.11.6"
    "@webassemblyjs/wast-printer": "npm:1.11.6"
  checksum: 9a56b6bf635cf7aa5d6e926eaddf44c12fba050170e452a8e17ab4e1b937708678c03f5817120fb9de1e27167667ce693d16ce718d41e5a16393996a6017ab73
  languageName: node
  linkType: hard

"@webassemblyjs/wasm-gen@npm:1.11.6":
  version: 1.11.6
  resolution: "@webassemblyjs/wasm-gen@npm:1.11.6"
  dependencies:
    "@webassemblyjs/ast": "npm:1.11.6"
    "@webassemblyjs/helper-wasm-bytecode": "npm:1.11.6"
    "@webassemblyjs/ieee754": "npm:1.11.6"
    "@webassemblyjs/leb128": "npm:1.11.6"
    "@webassemblyjs/utf8": "npm:1.11.6"
  checksum: ce9a39d3dab2eb4a5df991bc9f3609960daa4671d25d700f4617152f9f79da768547359f817bee10cd88532c3e0a8a1714d383438e0a54217eba53cb822bd5ad
  languageName: node
  linkType: hard

"@webassemblyjs/wasm-opt@npm:1.11.6":
  version: 1.11.6
  resolution: "@webassemblyjs/wasm-opt@npm:1.11.6"
  dependencies:
    "@webassemblyjs/ast": "npm:1.11.6"
    "@webassemblyjs/helper-buffer": "npm:1.11.6"
    "@webassemblyjs/wasm-gen": "npm:1.11.6"
    "@webassemblyjs/wasm-parser": "npm:1.11.6"
  checksum: 82788408054171688e9f12883b693777219366d6867003e34dccc21b4a0950ef53edc9d2b4d54cabdb6ee869cf37c8718401b4baa4f70a7f7dd3867c75637298
  languageName: node
  linkType: hard

"@webassemblyjs/wasm-parser@npm:1.11.6, @webassemblyjs/wasm-parser@npm:^1.11.5":
  version: 1.11.6
  resolution: "@webassemblyjs/wasm-parser@npm:1.11.6"
  dependencies:
    "@webassemblyjs/ast": "npm:1.11.6"
    "@webassemblyjs/helper-api-error": "npm:1.11.6"
    "@webassemblyjs/helper-wasm-bytecode": "npm:1.11.6"
    "@webassemblyjs/ieee754": "npm:1.11.6"
    "@webassemblyjs/leb128": "npm:1.11.6"
    "@webassemblyjs/utf8": "npm:1.11.6"
  checksum: 7a97a5f34f98bdcfd812157845a06d53f3d3f67dbd4ae5d6bf66e234e17dc4a76b2b5e74e5dd70b4cab9778fc130194d50bbd6f9a1d23e15ed1ed666233d6f5f
  languageName: node
  linkType: hard

"@webassemblyjs/wast-printer@npm:1.11.6":
  version: 1.11.6
  resolution: "@webassemblyjs/wast-printer@npm:1.11.6"
  dependencies:
    "@webassemblyjs/ast": "npm:1.11.6"
    "@xtuc/long": "npm:4.2.2"
  checksum: 916b90fa3a8aadd95ca41c21d4316d0a7582cf6d0dcf6d9db86ab0de823914df513919fba60ac1edd227ff00e93a66b927b15cbddd36b69d8a34c8815752633c
  languageName: node
  linkType: hard

"@webpack-cli/configtest@npm:^2.1.1":
  version: 2.1.1
  resolution: "@webpack-cli/configtest@npm:2.1.1"
  peerDependencies:
    webpack: 5.x.x
    webpack-cli: 5.x.x
  checksum: a8da1f15702cb289807da99235ed95326ed7dabeb1a36ca59bd3a5dbe6adcc946a9a2767936050fc4d5ed14efab0e5b5a641dfe8e3d862c36caa5791ac12759d
  languageName: node
  linkType: hard

"@webpack-cli/info@npm:^2.0.2":
  version: 2.0.2
  resolution: "@webpack-cli/info@npm:2.0.2"
  peerDependencies:
    webpack: 5.x.x
    webpack-cli: 5.x.x
  checksum: ca88a35604dc9aedac7c26e8f6793c5039dc1eea2b12a85fbfd669a5f21ecf9cf169d7fd157ea366a62666e3fa05b776306a96742ac61a9868f44fdce6b40f7d
  languageName: node
  linkType: hard

"@webpack-cli/serve@npm:^2.0.5":
  version: 2.0.5
  resolution: "@webpack-cli/serve@npm:2.0.5"
  peerDependencies:
    webpack: 5.x.x
    webpack-cli: 5.x.x
  peerDependenciesMeta:
    webpack-dev-server:
      optional: true
  checksum: 36079d34971ff99a58b66b13f4184dcdd8617853c48cccdbc3f9ab7ea9e5d4fcf504e873c298ea7aa15e0b51ad2c4aee4d7a70bd7d9364e60f57b0eb93ca15fc
  languageName: node
  linkType: hard

"@xtuc/ieee754@npm:^1.2.0":
  version: 1.2.0
  resolution: "@xtuc/ieee754@npm:1.2.0"
  checksum: a8565d29d135039bd99ae4b2220d3e167d22cf53f867e491ed479b3f84f895742d0097f935b19aab90265a23d5d46711e4204f14c479ae3637fbf06c4666882f
  languageName: node
  linkType: hard

"@xtuc/long@npm:4.2.2":
  version: 4.2.2
  resolution: "@xtuc/long@npm:4.2.2"
  checksum: 8582cbc69c79ad2d31568c412129bf23d2b1210a1dfb60c82d5a1df93334da4ee51f3057051658569e2c196d8dc33bc05ae6b974a711d0d16e801e1d0647ccd1
  languageName: node
  linkType: hard

"acorn-import-assertions@npm:^1.9.0":
  version: 1.9.0
  resolution: "acorn-import-assertions@npm:1.9.0"
  peerDependencies:
    acorn: ^8
  checksum: 3b4a194e128efdc9b86c2b1544f623aba4c1aa70d638f8ab7dc3971a5b4aa4c57bd62f99af6e5325bb5973c55863b4112e708a6f408bad7a138647ca72283afe
  languageName: node
  linkType: hard

"acorn@npm:^8.7.1, acorn@npm:^8.8.2":
  version: 8.11.2
  resolution: "acorn@npm:8.11.2"
  bin:
    acorn: bin/acorn
  checksum: a3ed76c761b75ec54b1ec3068fb7f113a182e95aea7f322f65098c2958d232e3d211cb6dac35ff9c647024b63714bc528a26d54a925d1fef2c25585b4c8e4017
  languageName: node
  linkType: hard

"ajv-keywords@npm:^3.5.2":
  version: 3.5.2
  resolution: "ajv-keywords@npm:3.5.2"
  peerDependencies:
    ajv: ^6.9.1
  checksum: 0c57a47cbd656e8cdfd99d7c2264de5868918ffa207c8d7a72a7f63379d4333254b2ba03d69e3c035e996a3fd3eb6d5725d7a1597cca10694296e32510546360
  languageName: node
  linkType: hard

"ajv@npm:^6.12.5":
  version: 6.12.6
  resolution: "ajv@npm:6.12.6"
  dependencies:
    fast-deep-equal: "npm:^3.1.1"
    fast-json-stable-stringify: "npm:^2.0.0"
    json-schema-traverse: "npm:^0.4.1"
    uri-js: "npm:^4.2.2"
  checksum: 41e23642cbe545889245b9d2a45854ebba51cda6c778ebced9649420d9205f2efb39cb43dbc41e358409223b1ea43303ae4839db682c848b891e4811da1a5a71
  languageName: node
  linkType: hard

"browserslist@npm:^4.14.5":
  version: 4.22.2
  resolution: "browserslist@npm:4.22.2"
  dependencies:
    caniuse-lite: "npm:^1.0.30001565"
    electron-to-chromium: "npm:^1.4.601"
    node-releases: "npm:^2.0.14"
    update-browserslist-db: "npm:^1.0.13"
  bin:
    browserslist: cli.js
  checksum: 2a331aab90503130043ca41dd5d281fa1e89d5e076d07a2d75e76bf4d693bd56e73d5abcd8c4f39119da6328d450578c216cf1cd5c99b82d8a90a2ae6271b465
  languageName: node
  linkType: hard

"buffer-from@npm:^1.0.0":
  version: 1.1.1
  resolution: "buffer-from@npm:1.1.1"
  checksum: a8c5057c985d8071e7a64988ad72f313e08eb3001eda76bead78b1f9afc7a07d20be9677eed0b5791727baeecd56360fe541bc5dd74feb40efe202a74584d533
  languageName: node
  linkType: hard

"caniuse-lite@npm:^1.0.30001565":
  version: 1.0.30001571
  resolution: "caniuse-lite@npm:1.0.30001571"
  checksum: 632f476e39febbfb5dc91c236981f3d518dc0cf55c42cc2bba431a6b6f4cceae3f9cd74d26312f30e9de65a3cc92ccf80d964ba8de061e25f37b7f0518303dad
  languageName: node
  linkType: hard

"chrome-trace-event@npm:^1.0.2":
  version: 1.0.2
  resolution: "chrome-trace-event@npm:1.0.2"
  dependencies:
    tslib: "npm:^1.9.0"
  checksum: dcdf63a8a3f2f51faaff9c66bf86bb3d6a5634cbd9c2466f07963965243497bb814ea093332da3153197f7e0ca77255b6b3f46b72ccd5d80fa3fa6e5f8564cfe
  languageName: node
  linkType: hard

"clone-deep@npm:^4.0.1":
  version: 4.0.1
  resolution: "clone-deep@npm:4.0.1"
  dependencies:
    is-plain-object: "npm:^2.0.4"
    kind-of: "npm:^6.0.2"
    shallow-clone: "npm:^3.0.0"
  checksum: 637753615aa24adf0f2d505947a1bb75e63964309034a1cf56ba4b1f30af155201edd38d26ffe26911adaae267a3c138b344a4947d39f5fc1b6d6108125aa758
  languageName: node
  linkType: hard

"colorette@npm:^2.0.14":
  version: 2.0.20
  resolution: "colorette@npm:2.0.20"
  checksum: e94116ff33b0ff56f3b83b9ace895e5bf87c2a7a47b3401b8c3f3226e050d5ef76cf4072fb3325f9dc24d1698f9b730baf4e05eeaf861d74a1883073f4c98a40
  languageName: node
  linkType: hard

"commander@npm:^10.0.1":
  version: 10.0.1
  resolution: "commander@npm:10.0.1"
  checksum: 53f33d8927758a911094adadda4b2cbac111a5b377d8706700587650fd8f45b0bbe336de4b5c3fe47fd61f420a3d9bd452b6e0e6e5600a7e74d7bf0174f6efe3
  languageName: node
  linkType: hard

"commander@npm:^2.20.0":
  version: 2.20.3
  resolution: "commander@npm:2.20.3"
  checksum: 74c781a5248c2402a0a3e966a0a2bba3c054aad144f5c023364be83265e796b20565aa9feff624132ff629aa64e16999fa40a743c10c12f7c61e96a794b99288
  languageName: node
  linkType: hard

"cross-spawn@npm:^7.0.3":
  version: 7.0.3
  resolution: "cross-spawn@npm:7.0.3"
  dependencies:
    path-key: "npm:^3.1.0"
    shebang-command: "npm:^2.0.0"
    which: "npm:^2.0.1"
  checksum: 5738c312387081c98d69c98e105b6327b069197f864a60593245d64c8089c8a0a744e16349281210d56835bb9274130d825a78b2ad6853ca13cfbeffc0c31750
  languageName: node
  linkType: hard

"electron-to-chromium@npm:^1.4.601":
  version: 1.4.616
  resolution: "electron-to-chromium@npm:1.4.616"
  checksum: a02416f3293d28120d5132546a6aea614ebd2d820a684f41b1c20138331922ddc672c4a59bfc4b91bb5aee1ba608f6c10cd3f69c344cd434397e7f14a4c97348
  languageName: node
  linkType: hard

"enhanced-resolve@npm:^5.15.0":
  version: 5.15.0
  resolution: "enhanced-resolve@npm:5.15.0"
  dependencies:
    graceful-fs: "npm:^4.2.4"
    tapable: "npm:^2.2.0"
  checksum: 69984a7990913948b4150855aed26a84afb4cb1c5a94fb8e3a65bd00729a73fc2eaff6871fb8e345377f294831afe349615c93560f2f54d61b43cdfdf668f19a
  languageName: node
  linkType: hard

"envinfo@npm:^7.7.3":
  version: 7.11.0
  resolution: "envinfo@npm:7.11.0"
  bin:
    envinfo: dist/cli.js
  checksum: 4415b9c1ca32cdf92ce126136b9965eeac2efd6ab7e5278c06e8f86d048edad87ef4084710313a6d938ef9bc084ab17e1caee16339d731d230f3e2650f3aaf4d
  languageName: node
  linkType: hard

"es-module-lexer@npm:^1.2.1":
  version: 1.4.1
  resolution: "es-module-lexer@npm:1.4.1"
  checksum: b7260a138668554d3f0ddcc728cb4b60c2fa463f15545cf155ecbdd5450a1348952d58298a7f48642e900ee579f21d7f5304b6b3c61b3d9fc2d4b2109b5a9dff
  languageName: node
  linkType: hard

"escalade@npm:^3.1.1":
  version: 3.1.1
  resolution: "escalade@npm:3.1.1"
  checksum: afd02e6ca91ffa813e1108b5e7756566173d6bc0d1eb951cb44d6b21702ec17c1cf116cfe75d4a2b02e05acb0b808a7a9387d0d1ca5cf9c04ad03a8445c3e46d
  languageName: node
  linkType: hard

"eslint-scope@npm:5.1.1":
  version: 5.1.1
  resolution: "eslint-scope@npm:5.1.1"
  dependencies:
    esrecurse: "npm:^4.3.0"
    estraverse: "npm:^4.1.1"
  checksum: d30ef9dc1c1cbdece34db1539a4933fe3f9b14e1ffb27ecc85987902ee663ad7c9473bbd49a9a03195a373741e62e2f807c4938992e019b511993d163450e70a
  languageName: node
  linkType: hard

"esrecurse@npm:^4.3.0":
  version: 4.3.0
  resolution: "esrecurse@npm:4.3.0"
  dependencies:
    estraverse: "npm:^5.2.0"
  checksum: 81a37116d1408ded88ada45b9fb16dbd26fba3aadc369ce50fcaf82a0bac12772ebd7b24cd7b91fc66786bf2c1ac7b5f196bc990a473efff972f5cb338877cf5
  languageName: node
  linkType: hard

"estraverse@npm:^4.1.1":
  version: 4.3.0
  resolution: "estraverse@npm:4.3.0"
  checksum: 9cb46463ef8a8a4905d3708a652d60122a0c20bb58dec7e0e12ab0e7235123d74214fc0141d743c381813e1b992767e2708194f6f6e0f9fd00c1b4e0887b8b6d
  languageName: node
  linkType: hard

"estraverse@npm:^5.2.0":
  version: 5.3.0
  resolution: "estraverse@npm:5.3.0"
  checksum: 1ff9447b96263dec95d6d67431c5e0771eb9776427421260a3e2f0fdd5d6bd4f8e37a7338f5ad2880c9f143450c9b1e4fc2069060724570a49cf9cf0312bd107
  languageName: node
  linkType: hard

"events@npm:^3.2.0":
  version: 3.3.0
  resolution: "events@npm:3.3.0"
  checksum: d6b6f2adbccbcda74ddbab52ed07db727ef52e31a61ed26db9feb7dc62af7fc8e060defa65e5f8af9449b86b52cc1a1f6a79f2eafcf4e62add2b7a1fa4a432f6
  languageName: node
  linkType: hard

"fast-deep-equal@npm:^3.1.1":
  version: 3.1.3
  resolution: "fast-deep-equal@npm:3.1.3"
  checksum: 40dedc862eb8992c54579c66d914635afbec43350afbbe991235fdcb4e3a8d5af1b23ae7e79bef7d4882d0ecee06c3197488026998fb19f72dc95acff1d1b1d0
  languageName: node
  linkType: hard

"fast-json-stable-stringify@npm:^2.0.0":
  version: 2.1.0
  resolution: "fast-json-stable-stringify@npm:2.1.0"
  checksum: 7f081eb0b8a64e0057b3bb03f974b3ef00135fbf36c1c710895cd9300f13c94ba809bb3a81cf4e1b03f6e5285610a61abbd7602d0652de423144dfee5a389c9b
  languageName: node
  linkType: hard

"fastest-levenshtein@npm:^1.0.12":
  version: 1.0.16
  resolution: "fastest-levenshtein@npm:1.0.16"
  checksum: 7e3d8ae812a7f4fdf8cad18e9cde436a39addf266a5986f653ea0d81e0de0900f50c0f27c6d5aff3f686bcb48acbd45be115ae2216f36a6a13a7dbbf5cad878b
  languageName: node
  linkType: hard

"find-up@npm:^4.0.0":
  version: 4.1.0
  resolution: "find-up@npm:4.1.0"
  dependencies:
    locate-path: "npm:^5.0.0"
    path-exists: "npm:^4.0.0"
  checksum: 0406ee89ebeefa2d507feb07ec366bebd8a6167ae74aa4e34fb4c4abd06cf782a3ce26ae4194d70706f72182841733f00551c209fe575cb00bd92104056e78c1
  languageName: node
  linkType: hard

"flat@npm:^5.0.2":
  version: 5.0.2
  resolution: "flat@npm:5.0.2"
  bin:
    flat: cli.js
  checksum: f178b13482f0cd80c7fede05f4d10585b1f2fdebf26e12edc138e32d3150c6ea6482b7f12813a1091143bad52bb6d3596bca51a162257a21163c0ff438baa5fe
  languageName: node
  linkType: hard

"function-bind@npm:^1.1.2":
  version: 1.1.2
  resolution: "function-bind@npm:1.1.2"
  checksum: d8680ee1e5fcd4c197e4ac33b2b4dce03c71f4d91717292785703db200f5c21f977c568d28061226f9b5900cbcd2c84463646134fd5337e7925e0942bc3f46d5
  languageName: node
  linkType: hard

"glob-to-regexp@npm:^0.4.1":
  version: 0.4.1
  resolution: "glob-to-regexp@npm:0.4.1"
  checksum: 0486925072d7a916f052842772b61c3e86247f0a80cc0deb9b5a3e8a1a9faad5b04fb6f58986a09f34d3e96cd2a22a24b7e9882fb1cf904c31e9a310de96c429
  languageName: node
  linkType: hard

"graceful-fs@npm:^4.1.2":
  version: 4.2.3
  resolution: "graceful-fs@npm:4.2.3"
  checksum: ab87666ad604b8ad2f0a5b696980fbec9bec6f71aded4ed374edef631acf651e0bd52bb27c30bb9d06de2d29eb87c7a79e961af7bb7e62aec526005c02546fc1
  languageName: node
  linkType: hard

"graceful-fs@npm:^4.2.4, graceful-fs@npm:^4.2.9":
  version: 4.2.11
  resolution: "graceful-fs@npm:4.2.11"
  checksum: 386d011a553e02bc594ac2ca0bd6d9e4c22d7fa8cfbfc448a6d148c59ea881b092db9dbe3547ae4b88e55f1b01f7c4a2ecc53b310c042793e63aa44cf6c257f2
  languageName: node
  linkType: hard

"has-flag@npm:^4.0.0":
  version: 4.0.0
  resolution: "has-flag@npm:4.0.0"
  checksum: 2e789c61b7888d66993e14e8331449e525ef42aac53c627cc53d1c3334e768bcb6abdc4f5f0de1478a25beec6f0bd62c7549058b7ac53e924040d4f301f02fd1
  languageName: node
  linkType: hard

"hasown@npm:^2.0.0":
  version: 2.0.0
  resolution: "hasown@npm:2.0.0"
  dependencies:
    function-bind: "npm:^1.1.2"
  checksum: 5d415b114f410661208c95e7ab4879f1cc2765b8daceff4dc8718317d1cb7b9ffa7c5d1eafd9a4389c9aab7445d6ea88e05f3096cb1e529618b55304956b87fc
  languageName: node
  linkType: hard

"import-local@npm:^3.0.2":
  version: 3.1.0
  resolution: "import-local@npm:3.1.0"
  dependencies:
    pkg-dir: "npm:^4.2.0"
    resolve-cwd: "npm:^3.0.0"
  bin:
    import-local-fixture: fixtures/cli.js
  checksum: c67ecea72f775fe8684ca3d057e54bdb2ae28c14bf261d2607c269c18ea0da7b730924c06262eca9aed4b8ab31e31d65bc60b50e7296c85908a56e2f7d41ecd2
  languageName: node
  linkType: hard

"interpret@npm:^3.1.1":
  version: 3.1.1
  resolution: "interpret@npm:3.1.1"
  checksum: 6f3c4d0aa6ec1b43a8862375588a249e3c917739895cbe67fe12f0a76260ea632af51e8e2431b50fbcd0145356dc28ca147be08dbe6a523739fd55c0f91dc2a5
  languageName: node
  linkType: hard

"is-core-module@npm:^2.13.0":
  version: 2.13.1
  resolution: "is-core-module@npm:2.13.1"
  dependencies:
    hasown: "npm:^2.0.0"
  checksum: 2cba9903aaa52718f11c4896dabc189bab980870aae86a62dc0d5cedb546896770ee946fb14c84b7adf0735f5eaea4277243f1b95f5cefa90054f92fbcac2518
  languageName: node
  linkType: hard

"is-plain-object@npm:^2.0.4":
  version: 2.0.4
  resolution: "is-plain-object@npm:2.0.4"
  dependencies:
    isobject: "npm:^3.0.1"
  checksum: f050fdd5203d9c81e8c4df1b3ff461c4bc64e8b5ca383bcdde46131361d0a678e80bcf00b5257646f6c636197629644d53bd8e2375aea633de09a82d57e942f4
  languageName: node
  linkType: hard

"isexe@npm:^2.0.0":
  version: 2.0.0
  resolution: "isexe@npm:2.0.0"
  checksum: 228cfa503fadc2c31596ab06ed6aa82c9976eec2bfd83397e7eaf06d0ccf42cd1dfd6743bf9aeb01aebd4156d009994c5f76ea898d2832c1fe342da923ca457d
  languageName: node
  linkType: hard

"isobject@npm:^3.0.1":
  version: 3.0.1
  resolution: "isobject@npm:3.0.1"
  checksum: 03344f5064a82f099a0cd1a8a407f4c0d20b7b8485e8e816c39f249e9416b06c322e8dec5b842b6bb8a06de0af9cb48e7bc1b5352f0fadc2f0abac033db3d4db
  languageName: node
  linkType: hard

"jest-worker@npm:^27.4.5":
  version: 27.5.1
  resolution: "jest-worker@npm:27.5.1"
  dependencies:
    "@types/node": "npm:*"
    merge-stream: "npm:^2.0.0"
    supports-color: "npm:^8.0.0"
  checksum: 8c4737ffd03887b3c6768e4cc3ca0269c0336c1e4b1b120943958ddb035ed2a0fc6acab6dc99631720a3720af4e708ff84fb45382ad1e83c27946adf3623969b
  languageName: node
  linkType: hard

"json-parse-even-better-errors@npm:^2.3.1":
  version: 2.3.1
  resolution: "json-parse-even-better-errors@npm:2.3.1"
  checksum: 140932564c8f0b88455432e0f33c4cb4086b8868e37524e07e723f4eaedb9425bdc2bafd71bd1d9765bd15fd1e2d126972bc83990f55c467168c228c24d665f3
  languageName: node
  linkType: hard

"json-schema-traverse@npm:^0.4.1":
  version: 0.4.1
  resolution: "json-schema-traverse@npm:0.4.1"
  checksum: 108fa90d4cc6f08243aedc6da16c408daf81793bf903e9fd5ab21983cda433d5d2da49e40711da016289465ec2e62e0324dcdfbc06275a607fe3233fde4942ce
  languageName: node
  linkType: hard

"kind-of@npm:^6.0.2":
  version: 6.0.2
  resolution: "kind-of@npm:6.0.2"
  checksum: 705109f53f5abc91d187dddaa3022a008ad7fae3f13add7bb3c586e20a7c048e2e03a6e304658247d44680cc0e4c8a7a0081ccf1a73999fb3c9b7b23b48a2a1e
  languageName: node
  linkType: hard

"loader-runner@npm:^4.2.0":
  version: 4.3.0
  resolution: "loader-runner@npm:4.3.0"
  checksum: a44d78aae0907a72f73966fe8b82d1439c8c485238bd5a864b1b9a2a3257832effa858790241e6b37876b5446a78889adf2fcc8dd897ce54c089ecc0a0ce0bf0
  languageName: node
  linkType: hard

"locate-path@npm:^5.0.0":
  version: 5.0.0
  resolution: "locate-path@npm:5.0.0"
  dependencies:
    p-locate: "npm:^4.1.0"
  checksum: 33a1c5247e87e022f9713e6213a744557a3e9ec32c5d0b5efb10aa3a38177615bf90221a5592674857039c1a0fd2063b82f285702d37b792d973e9e72ace6c59
  languageName: node
  linkType: hard

"merge-stream@npm:^2.0.0":
  version: 2.0.0
  resolution: "merge-stream@npm:2.0.0"
  checksum: 867fdbb30a6d58b011449b8885601ec1690c3e41c759ecd5a9d609094f7aed0096c37823ff4a7190ef0b8f22cc86beb7049196ff68c016e3b3c671d0dac91ce5
  languageName: node
  linkType: hard

"mime-db@npm:1.52.0":
  version: 1.52.0
  resolution: "mime-db@npm:1.52.0"
  checksum: 0557a01deebf45ac5f5777fe7740b2a5c309c6d62d40ceab4e23da9f821899ce7a900b7ac8157d4548ddbb7beffe9abc621250e6d182b0397ec7f10c7b91a5aa
  languageName: node
  linkType: hard

"mime-types@npm:^2.1.27":
  version: 2.1.35
  resolution: "mime-types@npm:2.1.35"
  dependencies:
    mime-db: "npm:1.52.0"
  checksum: 82fb07ec56d8ff1fc999a84f2f217aa46cb6ed1033fefaabd5785b9a974ed225c90dc72fff460259e66b95b73648596dbcc50d51ed69cdf464af2d237d3149b2
  languageName: node
  linkType: hard

"neo-async@npm:^2.6.2":
  version: 2.6.2
  resolution: "neo-async@npm:2.6.2"
  checksum: c2f5a604a54a8ec5438a342e1f356dff4bc33ccccdb6dc668d94fe8e5eccfc9d2c2eea6064b0967a767ba63b33763f51ccf2cd2441b461a7322656c1f06b3f5d
  languageName: node
  linkType: hard

"node-releases@npm:^2.0.14":
  version: 2.0.14
  resolution: "node-releases@npm:2.0.14"
  checksum: 199fc93773ae70ec9969bc6d5ac5b2bbd6eb986ed1907d751f411fef3ede0e4bfdb45ceb43711f8078bea237b6036db8b1bf208f6ff2b70c7d615afd157f3ab9
  languageName: node
  linkType: hard

"p-limit@npm:^2.2.0":
  version: 2.3.0
  resolution: "p-limit@npm:2.3.0"
  dependencies:
    p-try: "npm:^2.0.0"
  checksum: 8da01ac53efe6a627080fafc127c873da40c18d87b3f5d5492d465bb85ec7207e153948df6b9cbaeb130be70152f874229b8242ee2be84c0794082510af97f12
  languageName: node
  linkType: hard

"p-locate@npm:^4.1.0":
  version: 4.1.0
  resolution: "p-locate@npm:4.1.0"
  dependencies:
    p-limit: "npm:^2.2.0"
  checksum: 1b476ad69ad7f6059744f343b26d51ce091508935c1dbb80c4e0a2f397ffce0ca3a1f9f5cd3c7ce19d7929a09719d5c65fe70d8ee289c3f267cd36f2881813e9
  languageName: node
  linkType: hard

"p-try@npm:^2.0.0":
  version: 2.2.0
  resolution: "p-try@npm:2.2.0"
  checksum: c36c19907734c904b16994e6535b02c36c2224d433e01a2f1ab777237f4d86e6289fd5fd464850491e940379d4606ed850c03e0f9ab600b0ebddb511312e177f
  languageName: node
  linkType: hard

"path-exists@npm:^4.0.0":
  version: 4.0.0
  resolution: "path-exists@npm:4.0.0"
  checksum: 8c0bd3f5238188197dc78dced15207a4716c51cc4e3624c44fc97acf69558f5ebb9a2afff486fe1b4ee148e0c133e96c5e11a9aa5c48a3006e3467da070e5e1b
  languageName: node
  linkType: hard

"path-key@npm:^3.1.0":
  version: 3.1.1
  resolution: "path-key@npm:3.1.1"
  checksum: 748c43efd5a569c039d7a00a03b58eecd1d75f3999f5a28303d75f521288df4823bc057d8784eb72358b2895a05f29a070bc9f1f17d28226cc4e62494cc58c4c
  languageName: node
  linkType: hard

"path-parse@npm:^1.0.7":
  version: 1.0.7
  resolution: "path-parse@npm:1.0.7"
  checksum: 11ce261f9d294cc7a58d6a574b7f1b935842355ec66fba3c3fd79e0f036462eaf07d0aa95bb74ff432f9afef97ce1926c720988c6a7451d8a584930ae7de86e1
  languageName: node
  linkType: hard

"picocolors@npm:^1.0.0":
  version: 1.0.0
  resolution: "picocolors@npm:1.0.0"
  checksum: 20a5b249e331c14479d94ec6817a182fd7a5680debae82705747b2db7ec50009a5f6648d0621c561b0572703f84dbef0858abcbd5856d3c5511426afcb1961f7
  languageName: node
  linkType: hard

"pkg-dir@npm:^4.2.0":
  version: 4.2.0
  resolution: "pkg-dir@npm:4.2.0"
  dependencies:
    find-up: "npm:^4.0.0"
  checksum: c56bda7769e04907a88423feb320babaed0711af8c436ce3e56763ab1021ba107c7b0cafb11cde7529f669cfc22bffcaebffb573645cbd63842ea9fb17cd7728
  languageName: node
  linkType: hard

"punycode@npm:^2.1.0":
  version: 2.1.1
  resolution: "punycode@npm:2.1.1"
  checksum: 83815ca9b9177f055771f31980cbec7ffaef10257d50a95ab99b4a30f0404846e85fa6887ee1bbc0aaddb7bad6d96e2fa150a016051ff0f6b92be4ad613ddca8
  languageName: node
  linkType: hard

"randombytes@npm:^2.1.0":
  version: 2.1.0
  resolution: "randombytes@npm:2.1.0"
  dependencies:
    safe-buffer: "npm:^5.1.0"
  checksum: 50395efda7a8c94f5dffab564f9ff89736064d32addf0cc7e8bf5e4166f09f8ded7a0849ca6c2d2a59478f7d90f78f20d8048bca3cdf8be09d8e8a10790388f3
  languageName: node
  linkType: hard

"rechoir@npm:^0.8.0":
  version: 0.8.0
  resolution: "rechoir@npm:0.8.0"
  dependencies:
    resolve: "npm:^1.20.0"
  checksum: 1a30074124a22abbd5d44d802dac26407fa72a0a95f162aa5504ba8246bc5452f8b1a027b154d9bdbabcd8764920ff9333d934c46a8f17479c8912e92332f3ff
  languageName: node
  linkType: hard

"regexparam@npm:^3.0.0":
  version: 3.0.0
  resolution: "regexparam@npm:3.0.0"
  checksum: a6430d7b97d5a7d5518f37a850b6b73aab479029d02f46af4fa0e8e4a1d7aad05b7a0d2d10c86ded21a14d5f0fa4c68525f873a5fca2efeefcccd93c36627459
  languageName: node
  linkType: hard

"resolve-cwd@npm:^3.0.0":
  version: 3.0.0
  resolution: "resolve-cwd@npm:3.0.0"
  dependencies:
    resolve-from: "npm:^5.0.0"
  checksum: e608a3ebd15356264653c32d7ecbc8fd702f94c6703ea4ac2fb81d9c359180cba0ae2e6b71faa446631ed6145454d5a56b227efc33a2d40638ac13f8beb20ee4
  languageName: node
  linkType: hard

"resolve-from@npm:^5.0.0":
  version: 5.0.0
  resolution: "resolve-from@npm:5.0.0"
  checksum: b21cb7f1fb746de8107b9febab60095187781137fd803e6a59a76d421444b1531b641bba5857f5dc011974d8a5c635d61cec49e6bd3b7fc20e01f0fafc4efbf2
  languageName: node
  linkType: hard

"resolve@npm:^1.20.0":
  version: 1.22.8
  resolution: "resolve@npm:1.22.8"
  dependencies:
    is-core-module: "npm:^2.13.0"
    path-parse: "npm:^1.0.7"
    supports-preserve-symlinks-flag: "npm:^1.0.0"
  bin:
    resolve: bin/resolve
  checksum: 07e179f4375e1fd072cfb72ad66d78547f86e6196c4014b31cb0b8bb1db5f7ca871f922d08da0fbc05b94e9fd42206f819648fa3b5b873ebbc8e1dc68fec433a
  languageName: node
  linkType: hard

"resolve@patch:resolve@npm%3A^1.20.0#optional!builtin<compat/resolve>":
  version: 1.22.8
  resolution: "resolve@patch:resolve@npm%3A1.22.8#optional!builtin<compat/resolve>::version=1.22.8&hash=c3c19d"
  dependencies:
    is-core-module: "npm:^2.13.0"
    path-parse: "npm:^1.0.7"
    supports-preserve-symlinks-flag: "npm:^1.0.0"
  bin:
    resolve: bin/resolve
  checksum: 0446f024439cd2e50c6c8fa8ba77eaa8370b4180f401a96abf3d1ebc770ac51c1955e12764cde449fde3fff480a61f84388e3505ecdbab778f4bef5f8212c729
  languageName: node
  linkType: hard

"safe-buffer@npm:^5.1.0":
  version: 5.2.0
  resolution: "safe-buffer@npm:5.2.0"
  checksum: 9e1d7f6a162b493b54ecc29e60fcedaf4d0b53aa1636088f8f1f40dc5e7ceeb44885983c0de8148a735369e1ce567abe9465e8086e413673706432d4df8cca07
  languageName: node
  linkType: hard

"schema-utils@npm:^3.1.1, schema-utils@npm:^3.2.0":
  version: 3.3.0
  resolution: "schema-utils@npm:3.3.0"
  dependencies:
    "@types/json-schema": "npm:^7.0.8"
    ajv: "npm:^6.12.5"
    ajv-keywords: "npm:^3.5.2"
  checksum: fafdbde91ad8aa1316bc543d4b61e65ea86970aebbfb750bfb6d8a6c287a23e415e0e926c2498696b242f63af1aab8e585252637fabe811fd37b604351da6500
  languageName: node
  linkType: hard

"serialize-javascript@npm:^6.0.1":
  version: 6.0.1
  resolution: "serialize-javascript@npm:6.0.1"
  dependencies:
    randombytes: "npm:^2.1.0"
  checksum: 1af427f4fee3fee051f54ffe15f77068cff78a3c96d20f5c1178d20630d3ab122d8350e639d5e13cde8111ef9db9439b871305ffb185e24be0a2149cec230988
  languageName: node
  linkType: hard

"shallow-clone@npm:^3.0.0":
  version: 3.0.1
  resolution: "shallow-clone@npm:3.0.1"
  dependencies:
    kind-of: "npm:^6.0.2"
  checksum: 7bab09613a1b9f480c85a9823aebec533015579fa055ba6634aa56ba1f984380670eaf33b8217502931872aa1401c9fcadaa15f9f604d631536df475b05bcf1e
  languageName: node
  linkType: hard

"shebang-command@npm:^2.0.0":
  version: 2.0.0
  resolution: "shebang-command@npm:2.0.0"
  dependencies:
    shebang-regex: "npm:^3.0.0"
  checksum: a41692e7d89a553ef21d324a5cceb5f686d1f3c040759c50aab69688634688c5c327f26f3ecf7001ebfd78c01f3c7c0a11a7c8bfd0a8bc9f6240d4f40b224e4e
  languageName: node
  linkType: hard

"shebang-regex@npm:^3.0.0":
  version: 3.0.0
  resolution: "shebang-regex@npm:3.0.0"
  checksum: 1dbed0726dd0e1152a92696c76c7f06084eb32a90f0528d11acd764043aacf76994b2fb30aa1291a21bd019d6699164d048286309a278855ee7bec06cf6fb690
  languageName: node
  linkType: hard

"slick-router@file:../../build::locator=tree-shaking%40workspace%3A.":
  version: 2.5.2
  resolution: "slick-router@file:../../build#../../build::hash=f6ac25&locator=tree-shaking%40workspace%3A."
  dependencies:
    regexparam: "npm:^3.0.0"
  checksum: a9c2a49e76013b62b3d7f4e5776c90d63e5cd72e81aa83c0546f16f63b0a750d75d8db883efc0d4504d37d77a1f3a84292c167fcde6d915552b76e341b1ae33e
  languageName: node
  linkType: hard

"source-map-support@npm:~0.5.20":
  version: 0.5.21
  resolution: "source-map-support@npm:0.5.21"
  dependencies:
    buffer-from: "npm:^1.0.0"
    source-map: "npm:^0.6.0"
  checksum: 9ee09942f415e0f721d6daad3917ec1516af746a8120bba7bb56278707a37f1eb8642bde456e98454b8a885023af81a16e646869975f06afc1a711fb90484e7d
  languageName: node
  linkType: hard

"source-map@npm:^0.6.0":
  version: 0.6.1
  resolution: "source-map@npm:0.6.1"
  checksum: ab55398007c5e5532957cb0beee2368529618ac0ab372d789806f5718123cc4367d57de3904b4e6a4170eb5a0b0f41373066d02ca0735a0c4d75c7d328d3e011
  languageName: node
  linkType: hard

"supports-color@npm:^8.0.0":
  version: 8.1.1
  resolution: "supports-color@npm:8.1.1"
  dependencies:
    has-flag: "npm:^4.0.0"
  checksum: ea1d3c275dd604c974670f63943ed9bd83623edc102430c05adb8efc56ba492746b6e95386e7831b872ec3807fd89dd8eb43f735195f37b5ec343e4234cc7e89
  languageName: node
  linkType: hard

"supports-preserve-symlinks-flag@npm:^1.0.0":
  version: 1.0.0
  resolution: "supports-preserve-symlinks-flag@npm:1.0.0"
  checksum: 6c4032340701a9950865f7ae8ef38578d8d7053f5e10518076e6554a9381fa91bd9c6850193695c141f32b21f979c985db07265a758867bac95de05f7d8aeb39
  languageName: node
  linkType: hard

"tapable@npm:^2.1.1, tapable@npm:^2.2.0":
  version: 2.2.1
  resolution: "tapable@npm:2.2.1"
  checksum: bc40e6efe1e554d075469cedaba69a30eeb373552aaf41caeaaa45bf56ffacc2674261b106245bd566b35d8f3329b52d838e851ee0a852120acae26e622925c9
  languageName: node
  linkType: hard

"terser-webpack-plugin@npm:^5.3.7":
  version: 5.3.9
  resolution: "terser-webpack-plugin@npm:5.3.9"
  dependencies:
    "@jridgewell/trace-mapping": "npm:^0.3.17"
    jest-worker: "npm:^27.4.5"
    schema-utils: "npm:^3.1.1"
    serialize-javascript: "npm:^6.0.1"
    terser: "npm:^5.16.8"
  peerDependencies:
    webpack: ^5.1.0
  peerDependenciesMeta:
    "@swc/core":
      optional: true
    esbuild:
      optional: true
    uglify-js:
      optional: true
  checksum: 8a757106101ea1504e5dc549c722506506e7d3f0d38e72d6c8108ad814c994ca0d67ac5d0825ba59704a4b2b04548201b2137f198bfce897b09fe9e36727a1e9
  languageName: node
  linkType: hard

"terser@npm:^5.16.8":
  version: 5.26.0
  resolution: "terser@npm:5.26.0"
  dependencies:
    "@jridgewell/source-map": "npm:^0.3.3"
    acorn: "npm:^8.8.2"
    commander: "npm:^2.20.0"
    source-map-support: "npm:~0.5.20"
  bin:
    terser: bin/terser
  checksum: 3906289c6bacd75804a47a583cdafefbd76c5edb39435369755c7b1592e57586fb2f4bddf6eb37a807d6e782171dbf0aa7bbdc80fd5b77b2f2b62196cac49b62
  languageName: node
  linkType: hard

"tree-shaking@workspace:.":
  version: 0.0.0-use.local
  resolution: "tree-shaking@workspace:."
  dependencies:
    slick-router: "file:../../build"
    webpack: "npm:^5.89.0"
    webpack-cli: "npm:^5.1.4"
  languageName: unknown
  linkType: soft

"tslib@npm:^1.9.0":
  version: 1.10.0
  resolution: "tslib@npm:1.10.0"
  checksum: 56ed243bdbb84430025f149a3d2676df75292cc50c552f3b09c1b008ecdb3b4959259ce79239a979b444ab0a4d90e36be24a4758b6f142b2d6ceb26079195f65
  languageName: node
  linkType: hard

"undici-types@npm:~5.26.4":
  version: 5.26.5
  resolution: "undici-types@npm:5.26.5"
  checksum: bb673d7876c2d411b6eb6c560e0c571eef4a01c1c19925175d16e3a30c4c428181fb8d7ae802a261f283e4166a0ac435e2f505743aa9e45d893f9a3df017b501
  languageName: node
  linkType: hard

"update-browserslist-db@npm:^1.0.13":
  version: 1.0.13
  resolution: "update-browserslist-db@npm:1.0.13"
  dependencies:
    escalade: "npm:^3.1.1"
    picocolors: "npm:^1.0.0"
  peerDependencies:
    browserslist: ">= 4.21.0"
  bin:
    update-browserslist-db: cli.js
  checksum: e52b8b521c78ce1e0c775f356cd16a9c22c70d25f3e01180839c407a5dc787fb05a13f67560cbaf316770d26fa99f78f1acd711b1b54a4f35d4820d4ea7136e6
  languageName: node
  linkType: hard

"uri-js@npm:^4.2.2":
  version: 4.2.2
  resolution: "uri-js@npm:4.2.2"
  dependencies:
    punycode: "npm:^2.1.0"
  checksum: 883130a63b280644e290f4b34d9ee6cc38477b57904bd39e1e31c33823b1d7897cd410113a2b588f8c0fb32543b43c29aa1569235fd72c57a6a82b595a476ba0
  languageName: node
  linkType: hard

"watchpack@npm:^2.4.0":
  version: 2.4.0
  resolution: "watchpack@npm:2.4.0"
  dependencies:
    glob-to-regexp: "npm:^0.4.1"
    graceful-fs: "npm:^4.1.2"
  checksum: c5e35f9fb9338d31d2141d9835643c0f49b5f9c521440bb648181059e5940d93dd8ed856aa8a33fbcdd4e121dad63c7e8c15c063cf485429cd9d427be197fe62
  languageName: node
  linkType: hard

"webpack-cli@npm:^5.1.4":
  version: 5.1.4
  resolution: "webpack-cli@npm:5.1.4"
  dependencies:
    "@discoveryjs/json-ext": "npm:^0.5.0"
    "@webpack-cli/configtest": "npm:^2.1.1"
    "@webpack-cli/info": "npm:^2.0.2"
    "@webpack-cli/serve": "npm:^2.0.5"
    colorette: "npm:^2.0.14"
    commander: "npm:^10.0.1"
    cross-spawn: "npm:^7.0.3"
    envinfo: "npm:^7.7.3"
    fastest-levenshtein: "npm:^1.0.12"
    import-local: "npm:^3.0.2"
    interpret: "npm:^3.1.1"
    rechoir: "npm:^0.8.0"
    webpack-merge: "npm:^5.7.3"
  peerDependencies:
    webpack: 5.x.x
  peerDependenciesMeta:
    "@webpack-cli/generators":
      optional: true
    webpack-bundle-analyzer:
      optional: true
    webpack-dev-server:
      optional: true
  bin:
    webpack-cli: bin/cli.js
  checksum: 4266909ae5e2e662c8790ac286e965b2c7fd5a4a2f07f48e28576234c9a5f631847ccddc18e1b3281c7b4be04a7ff4717d2636033a322dde13ac995fd0d9de10
  languageName: node
  linkType: hard

"webpack-merge@npm:^5.7.3":
  version: 5.10.0
  resolution: "webpack-merge@npm:5.10.0"
  dependencies:
    clone-deep: "npm:^4.0.1"
    flat: "npm:^5.0.2"
    wildcard: "npm:^2.0.0"
  checksum: b607c84cabaf74689f965420051a55a08722d897bdd6c29cb0b2263b451c090f962d41ecf8c9bf56b0ab3de56e65476ace0a8ecda4f4a4663684243d90e0512b
  languageName: node
  linkType: hard

"webpack-sources@npm:^3.2.3":
  version: 3.2.3
  resolution: "webpack-sources@npm:3.2.3"
  checksum: 2ef63d77c4fad39de4a6db17323d75eb92897b32674e97d76f0a1e87c003882fc038571266ad0ef581ac734cbe20952912aaa26155f1905e96ce251adbb1eb4e
  languageName: node
  linkType: hard

"webpack@npm:^5.89.0":
  version: 5.89.0
  resolution: "webpack@npm:5.89.0"
  dependencies:
    "@types/eslint-scope": "npm:^3.7.3"
    "@types/estree": "npm:^1.0.0"
    "@webassemblyjs/ast": "npm:^1.11.5"
    "@webassemblyjs/wasm-edit": "npm:^1.11.5"
    "@webassemblyjs/wasm-parser": "npm:^1.11.5"
    acorn: "npm:^8.7.1"
    acorn-import-assertions: "npm:^1.9.0"
    browserslist: "npm:^4.14.5"
    chrome-trace-event: "npm:^1.0.2"
    enhanced-resolve: "npm:^5.15.0"
    es-module-lexer: "npm:^1.2.1"
    eslint-scope: "npm:5.1.1"
    events: "npm:^3.2.0"
    glob-to-regexp: "npm:^0.4.1"
    graceful-fs: "npm:^4.2.9"
    json-parse-even-better-errors: "npm:^2.3.1"
    loader-runner: "npm:^4.2.0"
    mime-types: "npm:^2.1.27"
    neo-async: "npm:^2.6.2"
    schema-utils: "npm:^3.2.0"
    tapable: "npm:^2.1.1"
    terser-webpack-plugin: "npm:^5.3.7"
    watchpack: "npm:^2.4.0"
    webpack-sources: "npm:^3.2.3"
  peerDependenciesMeta:
    webpack-cli:
      optional: true
  bin:
    webpack: bin/webpack.js
  checksum: 2562bf48788d651634fb7db6a5378c2fe3fce7f66831af38468da3944bd98756d68efea94a6909593993fb57b2d14cf802cbef2c83c6ef0047f7f606d59bec50
  languageName: node
  linkType: hard

"which@npm:^2.0.1":
  version: 2.0.2
  resolution: "which@npm:2.0.2"
  dependencies:
    isexe: "npm:^2.0.0"
  bin:
    node-which: ./bin/node-which
  checksum: 66522872a768b60c2a65a57e8ad184e5372f5b6a9ca6d5f033d4b0dc98aff63995655a7503b9c0a2598936f532120e81dd8cc155e2e92ed662a2b9377cc4374f
  languageName: node
  linkType: hard

"wildcard@npm:^2.0.0":
  version: 2.0.1
  resolution: "wildcard@npm:2.0.1"
  checksum: 08f70cd97dd9a20aea280847a1fe8148e17cae7d231640e41eb26d2388697cbe65b67fd9e68715251c39b080c5ae4f76d71a9a69fa101d897273efdfb1b58bf7
  languageName: node
  linkType: hard
